Microsoft Visual Studio Solution File, Format Version 12.00
# Visual Studio Version 17
VisualStudioVersion = 17.5.2.0
MinimumVisualStudioVersion = 10.0.40219.1
Project("{FAE04EC0-301F-11D3-BF4B-00C04F79EFBC}") = "TechnicalAssignmentApi", "TechnicalAssignmentApi.csproj", "{5BAC7D73-0065-233F-3E93-23896E063358}"
EndProject
Global
	GlobalSection(SolutionConfigurationPlatforms) = preSolution
		Debug|Any CPU = Debug|Any CPU
		Release|Any CPU = Release|Any CPU
	EndGlobalSection
	GlobalSection(ProjectConfigurationPlatforms) = postSolution
		{5BAC7D73-0065-233F-3E93-23896E063358}.Debug|Any CPU.ActiveCfg = Debug|Any CPU
		{5BAC7D73-0065-233F-3E93-23896E063358}.Debug|Any CPU.Build.0 = Debug|Any CPU
		{5BAC7D73-0065-233F-3E93-23896E063358}.Release|Any CPU.ActiveCfg = Release|Any CPU
		{5BAC7D73-0065-233F-3E93-23896E063358}.Release|Any CPU.Build.0 = Release|Any CPU
	EndGlobalSection
	GlobalSection(SolutionProperties) = preSolution
		HideSolutionNode = FALSE
	EndGlobalSection
	GlobalSection(ExtensibilityGlobals) = postSolution
		SolutionGuid = {F3C26514-A14B-4E0C-9F76-DA4E2978ABF9}
	EndGlobalSection
EndGlobal
